
Microsoft Visual Studio Solution File, Format Version 12.00
# Visual Studio Version 16
VisualStudioVersion = 16.0.31729.503
MinimumVisualStudioVersion = 10.0.40219.1
Project("{FAE04EC0-301F-11D3-BF4B-00C04F79EFBC}") = "helloWorld", "helloWorld\helloWorld.csproj", "{FF2C24B5-89BF-4C45-B083-9EA52CC727AD}"
EndProject
Global
	GlobalSection(SolutionConfigurationPlatforms) = preSolution
		Debug|Any CPU = Debug|Any CPU
		Release|Any CPU = Release|Any CPU
	EndGlobalSection
	GlobalSection(ProjectConfigurationPlatforms) = postSolution
		{FF2C24B5-89BF-4C45-B083-9EA52CC727AD}.Debug|Any CPU.ActiveCfg = Debug|Any CPU
		{FF2C24B5-89BF-4C45-B083-9EA52CC727AD}.Debug|Any CPU.Build.0 = Debug|Any CPU
		{FF2C24B5-89BF-4C45-B083-9EA52CC727AD}.Release|Any CPU.ActiveCfg = Release|Any CPU
		{FF2C24B5-89BF-4C45-B083-9EA52CC727AD}.Release|Any CPU.Build.0 = Release|Any CPU
	EndGlobalSection
	GlobalSection(SolutionProperties) = preSolution
		HideSolutionNode = FALSE
	EndGlobalSection
	GlobalSection(ExtensibilityGlobals) = postSolution
		SolutionGuid = {EA3D0947-6724-46E9-836C-0E715AE26207}
	EndGlobalSection
EndGlobal
